{
  "name": "tugaspraktikum6",
  "lockfileVersion": 2,
  "requires": true,
  "packages": {
    "": {
      "dependencies": {
        "datatables.net-bs5": "^1.12.1",
        "datatables.net-buttons-bs5": "^2.2.3",
        "datatables.net-responsive-bs5": "^2.3.0",
        "datatables.net-searchpanes-bs5": "^2.0.2",
        "jquery": "^3.6.1"
      }
    },
    "node_modules/datatables.net": {
      "version": "1.12.1",
      "resolved": "https://registry.npmjs.org/datatables.net/-/datatables.net-1.12.1.tgz",
      "integrity": "sha512-e6XAMUoV41JdQPS/r9YRfRcmTPcCVvyZbWI+xog1Zg+kjVliMQbEkvWK5XFItmi64Cvwg+IqsZbTUJ1KSY3umA==",
      "dependencies": {
        "jquery": ">=1.7"
      }
    },
    "node_modules/datatables.net-bs5": {
      "version": "1.12.1",
      "resolved": "https://registry.npmjs.org/datatables.net-bs5/-/datatables.net-bs5-1.12.1.tgz",
      "integrity": "sha512-CcQCImfmH4YZk7I0aC0kTiNPyfHJ2ueGgOh/kFB9KqsZD8bNJy2A88gC6hn9A7TbmmenOL+K3Q1ti7G8yqi8SQ==",
      "dependencies": {
        "datatables.net": ">=1.11.3",
        "jquery": ">=1.7"
      }
    },
    "node_modules/datatables.net-buttons": {
      "version": "2.2.3",
      "resolved": "https://registry.npmjs.org/datatables.net-buttons/-/datatables.net-buttons-2.2.3.tgz",
      "integrity": "sha512-9Xz52grBQxAgs6Meo+j/8koxrhnINt0fTc9tLYYb4UHxgtM2BzTGV4NA8KxXGxVjslem41e0quC5eXpXt9d4tw==",
      "dependencies": {
        "datatables.net": ">=1.11.3",
        "jquery": ">=1.7"
      }
    },
    "node_modules/datatables.net-buttons-bs5": {
      "version": "2.2.3",
      "resolved": "https://registry.npmjs.org/datatables.net-buttons-bs5/-/datatables.net-buttons-bs5-2.2.3.tgz",
      "integrity": "sha512-pQVBLBkG+G85eldTxEyU7SqqIn009pirbylmRAA+Ll9KYwsbyflQOZrTqKVKH6N4ycLjyR6gwtHeLgGnK23tBQ==",
      "dependencies": {
        "datatables.net-bs5": ">=1.11.3",
        "datatables.net-buttons": ">=2.0.1",
        "jquery": ">=1.7"
      }
    },
    "node_modules/datatables.net-responsive": {
      "version": "2.3.0",
      "resolved": "https://registry.npmjs.org/datatables.net-responsive/-/datatables.net-responsive-2.3.0.tgz",
      "integrity": "sha512-QA5QsD1sJQRQ7/IFi3rSd33O84f/Augz2KnaehjfuEANtK4KeC9Lbkut5tPuuMcK4jOpQPOOPYTbmfrt+tfh9w==",
      "dependencies": {
        "datatables.net": ">=1.11.3",
        "jquery": ">=1.7"
      }
    },
    "node_modules/datatables.net-responsive-bs5": {
      "version": "2.3.0",
      "resolved": "https://registry.npmjs.org/datatables.net-responsive-bs5/-/datatables.net-responsive-bs5-2.3.0.tgz",
      "integrity": "sha512-OVe2y+WGbZNqwu0clpzjPGg85Y+8KW8pVXVZJEKKyHW0GYAU3Ewhk0f3ZdS0B6Al9Q4v3Gt6OzupVwuY5Ck1pA==",
      "dependencies": {
        "datatables.net-bs5": ">=1.11.3",
        "datatables.net-responsive": ">=2.2.9",
        "jquery": ">=1.7"
      }
    },
    "node_modules/datatables.net-searchpanes": {
      "version": "2.0.2",
      "resolved": "https://registry.npmjs.org/datatables.net-searchpanes/-/datatables.net-searchpanes-2.0.2.tgz",
      "integrity": "sha512-hbxi80ZGqY6AOKJ+QvEuIM5+5caY2jjv1YvIhHxN+OsIjCUMf2ex9ERwlrPeB9B/oXAIS/CP6TLHAxJ3W3aYFg==",
      "dependencies": {
        "datatables.net": ">=1.11.3",
        "jquery": ">=1.7"
      }
    },
    "node_modules/datatables.net-searchpanes-bs5": {
      "version": "2.0.2",
      "resolved": "https://registry.npmjs.org/datatables.net-searchpanes-bs5/-/datatables.net-searchpanes-bs5-2.0.2.tgz",
      "integrity": "sha512-pemIzru4IG+H+s+8wSwmqstaaV02/Hdla49cR8n3qs8ytemsdpCG8mwa56esEkhm6Vb5RAd5MJYSL/dYOICErA==",
      "dependencies": {
        "datatables.net-bs5": ">=1.11.3",
        "datatables.net-searchpanes": ">=1.4.0",
        "jquery": ">=1.7"
      }
    },
    "node_modules/jquery": {
      "version": "3.6.1",
      "resolved": "https://registry.npmjs.org/jquery/-/jquery-3.6.1.tgz",
      "integrity": "sha512-opJeO4nCucVnsjiXOE+/PcCgYw9Gwpvs/a6B1LL/lQhwWwpbVEVYDZ1FokFr8PRc7ghYlrFPuyHuiiDNTQxmcw=="
    }
  },
  "dependencies": {
    "datatables.net": {
      "version": "1.12.1",
      "resolved": "https://registry.npmjs.org/datatables.net/-/datatables.net-1.12.1.tgz",
      "integrity": "sha512-e6XAMUoV41JdQPS/r9YRfRcmTPcCVvyZbWI+xog1Zg+kjVliMQbEkvWK5XFItmi64Cvwg+IqsZbTUJ1KSY3umA==",
      "requires": {
        "jquery": ">=1.7"
      }
    },
    "datatables.net-bs5": {
      "version": "1.12.1",
      "resolved": "https://registry.npmjs.org/datatables.net-bs5/-/datatables.net-bs5-1.12.1.tgz",
      "integrity": "sha512-CcQCImfmH4YZk7I0aC0kTiNPyfHJ2ueGgOh/kFB9KqsZD8bNJy2A88gC6hn9A7TbmmenOL+K3Q1ti7G8yqi8SQ==",
      "requires": {
        "datatables.net": ">=1.11.3",
        "jquery": ">=1.7"
      }
    },
    "datatables.net-buttons": {
      "version": "2.2.3",
      "resolved": "https://registry.npmjs.org/datatables.net-buttons/-/datatables.net-buttons-2.2.3.tgz",
      "integrity": "sha512-9Xz52grBQxAgs6Meo+j/8koxrhnINt0fTc9tLYYb4UHxgtM2BzTGV4NA8KxXGxVjslem41e0quC5eXpXt9d4tw==",
      "requires": {
        "datatables.net": ">=1.11.3",
        "jquery": ">=1.7"
      }
    },
    "datatables.net-buttons-bs5": {
      "version": "2.2.3",
      "resolved": "https://registry.npmjs.org/datatables.net-buttons-bs5/-/datatables.net-buttons-bs5-2.2.3.tgz",
      "integrity": "sha512-pQVBLBkG+G85eldTxEyU7SqqIn009pirbylmRAA+Ll9KYwsbyflQOZrTqKVKH6N4ycLjyR6gwtHeLgGnK23tBQ==",
      "requires": {
        "datatables.net-bs5": ">=1.11.3",
        "datatables.net-buttons": ">=2.0.1",
        "jquery": ">=1.7"
      }
    },
    "datatables.net-responsive": {
      "version": "2.3.0",
      "resolved": "https://registry.npmjs.org/datatables.net-responsive/-/datatables.net-responsive-2.3.0.tgz",
      "integrity": "sha512-QA5QsD1sJQRQ7/IFi3rSd33O84f/Augz2KnaehjfuEANtK4KeC9Lbkut5tPuuMcK4jOpQPOOPYTbmfrt+tfh9w==",
      "requires": {
        "datatables.net": ">=1.11.3",
        "jquery": ">=1.7"
      }
    },
    "datatables.net-responsive-bs5": {
      "version": "2.3.0",
      "resolved": "https://registry.npmjs.org/datatables.net-responsive-bs5/-/datatables.net-responsive-bs5-2.3.0.tgz",
      "integrity": "sha512-OVe2y+WGbZNqwu0clpzjPGg85Y+8KW8pVXVZJEKKyHW0GYAU3Ewhk0f3ZdS0B6Al9Q4v3Gt6OzupVwuY5Ck1pA==",
      "requires": {
        "datatables.net-bs5": ">=1.11.3",
        "datatables.net-responsive": ">=2.2.9",
        "jquery": ">=1.7"
      }
    },
    "datatables.net-searchpanes": {
      "version": "2.0.2",
      "resolved": "https://registry.npmjs.org/datatables.net-searchpanes/-/datatables.net-searchpanes-2.0.2.tgz",
      "integrity": "sha512-hbxi80ZGqY6AOKJ+QvEuIM5+5caY2jjv1YvIhHxN+OsIjCUMf2ex9ERwlrPeB9B/oXAIS/CP6TLHAxJ3W3aYFg==",
      "requires": {
        "datatables.net": ">=1.11.3",
        "jquery": ">=1.7"
      }
    },
    "datatables.net-searchpanes-bs5": {
      "version": "2.0.2",
      "resolved": "https://registry.npmjs.org/datatables.net-searchpanes-bs5/-/datatables.net-searchpanes-bs5-2.0.2.tgz",
      "integrity": "sha512-pemIzru4IG+H+s+8wSwmqstaaV02/Hdla49cR8n3qs8ytemsdpCG8mwa56esEkhm6Vb5RAd5MJYSL/dYOICErA==",
      "requires": {
        "datatables.net-bs5": ">=1.11.3",
        "datatables.net-searchpanes": ">=1.4.0",
        "jquery": ">=1.7"
      }
    },
    "jquery": {
      "version": "3.6.1",
      "resolved": "https://registry.npmjs.org/jquery/-/jquery-3.6.1.tgz",
      "integrity": "sha512-opJeO4nCucVnsjiXOE+/PcCgYw9Gwpvs/a6B1LL/lQhwWwpbVEVYDZ1FokFr8PRc7ghYlrFPuyHuiiDNTQxmcw=="
    }
  }
}
